
Microsoft Visual Studio Solution File, Format Version 12.00
# Visual Studio 14
VisualStudioVersion = 14.0.25420.1
MinimumVisualStudioVersion = 10.0.40219.1
Project("{FAE04EC0-301F-11D3-BF4B-00C04F79EFBC}") = "ExemploWebApi", "ExemploWebApi\ExemploWebApi.csproj", "{051BEFF9-5EA3-4481-8CF5-6F700512B03C}"
EndProject
Project("{FAE04EC0-301F-11D3-BF4B-00C04F79EFBC}") = "Domain", "Domain\Domain.csproj", "{2264E509-D11F-4FA2-B5AC-F93D74790D85}"
EndProject
Project("{FAE04EC0-301F-11D3-BF4B-00C04F79EFBC}") = "Infra", "Infra\Infra.csproj", "{D27D25B1-22B3-44F3-8267-79DC3BD68E99}"
EndProject
Project("{FAE04EC0-301F-11D3-BF4B-00C04F79EFBC}") = "Api", "Api\Api.csproj", "{3F0289B3-DF52-4DA3-B930-494E9D502BFC}"
EndProject
Project("{2150E333-8FDC-42A3-9474-1A3956D46DE8}") = "0 - Presentation", "0 - Presentation", "{D982BBCD-3936-4825-B5C3-F98012E7929B}"
EndProject
Project("{2150E333-8FDC-42A3-9474-1A3956D46DE8}") = "1 - Services", "1 - Services", "{57999BFD-521D-482D-BB18-BBA2A7E74B8A}"
EndProject
Project("{2150E333-8FDC-42A3-9474-1A3956D46DE8}") = "2 - Application", "2 - Application", "{C1361F64-D4BD-4A29-BD70-DFF4F46ED7EA}"
EndProject
Project("{2150E333-8FDC-42A3-9474-1A3956D46DE8}") = "3 - Domain", "3 - Domain", "{7A719F74-7B08-4262-9470-2EE69E66C4B9}"
EndProject
Project("{2150E333-8FDC-42A3-9474-1A3956D46DE8}") = "4 - Infra", "4 - Infra", "{5B806495-34D6-4B87-8425-D347B7583905}"
EndProject
Project("{2150E333-8FDC-42A3-9474-1A3956D46DE8}") = "4.1 - Data", "4.1 - Data", "{0418C0D2-B33B-4542-95AD-8A3080D9D670}"
EndProject
Project("{2150E333-8FDC-42A3-9474-1A3956D46DE8}") = "4.2 - CrossCuting", "4.2 - CrossCuting", "{031FD884-56FE-450B-B262-715855D912C8}"
EndProject
Project("{FAE04EC0-301F-11D3-BF4B-00C04F79EFBC}") = "Aplication", "Aplication\Aplication.csproj", "{EA2329F9-D4AE-4054-A80F-CD47E9886673}"
EndProject
Project("{FAE04EC0-301F-11D3-BF4B-00C04F79EFBC}") = "Infra.CrossCutting.IoC", "Infra.CrossCutting.IoC\Infra.CrossCutting.IoC.csproj", "{B6DEF472-6A27-4313-AEC2-919B417D5AF4}"
EndProject
Global
	GlobalSection(SolutionConfigurationPlatforms) = preSolution
		Debug|Any CPU = Debug|Any CPU
		Release|Any CPU = Release|Any CPU
	EndGlobalSection
	GlobalSection(ProjectConfigurationPlatforms) = postSolution
		{051BEFF9-5EA3-4481-8CF5-6F700512B03C}.Debug|Any CPU.ActiveCfg = Debug|Any CPU
		{051BEFF9-5EA3-4481-8CF5-6F700512B03C}.Debug|Any CPU.Build.0 = Debug|Any CPU
		{051BEFF9-5EA3-4481-8CF5-6F700512B03C}.Release|Any CPU.ActiveCfg = Release|Any CPU
		{051BEFF9-5EA3-4481-8CF5-6F700512B03C}.Release|Any CPU.Build.0 = Release|Any CPU
		{2264E509-D11F-4FA2-B5AC-F93D74790D85}.Debug|Any CPU.ActiveCfg = Debug|Any CPU
		{2264E509-D11F-4FA2-B5AC-F93D74790D85}.Debug|Any CPU.Build.0 = Debug|Any CPU
		{2264E509-D11F-4FA2-B5AC-F93D74790D85}.Release|Any CPU.ActiveCfg = Release|Any CPU
		{2264E509-D11F-4FA2-B5AC-F93D74790D85}.Release|Any CPU.Build.0 = Release|Any CPU
		{D27D25B1-22B3-44F3-8267-79DC3BD68E99}.Debug|Any CPU.ActiveCfg = Debug|Any CPU
		{D27D25B1-22B3-44F3-8267-79DC3BD68E99}.Debug|Any CPU.Build.0 = Debug|Any CPU
		{D27D25B1-22B3-44F3-8267-79DC3BD68E99}.Release|Any CPU.ActiveCfg = Release|Any CPU
		{D27D25B1-22B3-44F3-8267-79DC3BD68E99}.Release|Any CPU.Build.0 = Release|Any CPU
		{3F0289B3-DF52-4DA3-B930-494E9D502BFC}.Debug|Any CPU.ActiveCfg = Debug|Any CPU
		{3F0289B3-DF52-4DA3-B930-494E9D502BFC}.Debug|Any CPU.Build.0 = Debug|Any CPU
		{3F0289B3-DF52-4DA3-B930-494E9D502BFC}.Release|Any CPU.ActiveCfg = Release|Any CPU
		{3F0289B3-DF52-4DA3-B930-494E9D502BFC}.Release|Any CPU.Build.0 = Release|Any CPU
		{EA2329F9-D4AE-4054-A80F-CD47E9886673}.Debug|Any CPU.ActiveCfg = Debug|Any CPU
		{EA2329F9-D4AE-4054-A80F-CD47E9886673}.Debug|Any CPU.Build.0 = Debug|Any CPU
		{EA2329F9-D4AE-4054-A80F-CD47E9886673}.Release|Any CPU.ActiveCfg = Release|Any CPU
		{EA2329F9-D4AE-4054-A80F-CD47E9886673}.Release|Any CPU.Build.0 = Release|Any CPU
		{B6DEF472-6A27-4313-AEC2-919B417D5AF4}.Debug|Any CPU.ActiveCfg = Debug|Any CPU
		{B6DEF472-6A27-4313-AEC2-919B417D5AF4}.Debug|Any CPU.Build.0 = Debug|Any CPU
		{B6DEF472-6A27-4313-AEC2-919B417D5AF4}.Release|Any CPU.ActiveCfg = Release|Any CPU
		{B6DEF472-6A27-4313-AEC2-919B417D5AF4}.Release|Any CPU.Build.0 = Release|Any CPU
	EndGlobalSection
	GlobalSection(SolutionProperties) = preSolution
		HideSolutionNode = FALSE
	EndGlobalSection
	GlobalSection(NestedProjects) = preSolution
		{051BEFF9-5EA3-4481-8CF5-6F700512B03C} = {D982BBCD-3936-4825-B5C3-F98012E7929B}
		{2264E509-D11F-4FA2-B5AC-F93D74790D85} = {7A719F74-7B08-4262-9470-2EE69E66C4B9}
		{D27D25B1-22B3-44F3-8267-79DC3BD68E99} = {0418C0D2-B33B-4542-95AD-8A3080D9D670}
		{3F0289B3-DF52-4DA3-B930-494E9D502BFC} = {D982BBCD-3936-4825-B5C3-F98012E7929B}
		{0418C0D2-B33B-4542-95AD-8A3080D9D670} = {5B806495-34D6-4B87-8425-D347B7583905}
		{031FD884-56FE-450B-B262-715855D912C8} = {5B806495-34D6-4B87-8425-D347B7583905}
		{EA2329F9-D4AE-4054-A80F-CD47E9886673} = {C1361F64-D4BD-4A29-BD70-DFF4F46ED7EA}
		{B6DEF472-6A27-4313-AEC2-919B417D5AF4} = {031FD884-56FE-450B-B262-715855D912C8}
	EndGlobalSection
EndGlobal
